{
  "pins" : [
    {
      "identity" : "amapfoundation-no-idfa-xc",
      "kind" : "remoteSourceControl",
      "location" : "https://github.com/SouHanaQiao/AMapFoundation-NO-IDFA-XC",
      "state" : {
        "revision" : "fb78509e5a82c5ff6987028aa090950322e2e22e",
        "version" : "1.8.3"
      }
    }
  ],
  "version" : 2
}
