// !$*UTF8*$!
{
	archiveVersion = 1;
	classes = {
	};
	objectVersion = 56;
	objects = {

/* Begin PBXBuildFile section */
		A4A249AC79809904BB923F82 /* Pods_Example.framework in Frameworks */ = {isa = PBXBuildFile; fileRef = AEF6FEE4CD3FD8659F89323E /* Pods_Example.framework */; };
		AA2F011129F3CFC5003FDDC7 /* libz.tbd in Frameworks */ = {isa = PBXBuildFile; fileRef = AA2F011029F3CFC5003FDDC7 /* libz.tbd */; };
		AA2F011329F3CFCA003FDDC7 /* SystemConfiguration.framework in Frameworks */ = {isa = PBXBuildFile; fileRef = AA2F011229F3CFCA003FDDC7 /* SystemConfiguration.framework */; };
		AA2F011529F3CFCF003FDDC7 /* GLKit.framework in Frameworks */ = {isa = PBXBuildFile; fileRef = AA2F011429F3CFCF003FDDC7 /* GLKit.framework */; };
		AA2F011729F3CFDA003FDDC7 /* CoreTelephony.framework in Frameworks */ = {isa = PBXBuildFile; fileRef = AA2F011629F3CFDA003FDDC7 /* CoreTelephony.framework */; };
		AA2F011929F3CFE6003FDDC7 /* libc++.tbd in Frameworks */ = {isa = PBXBuildFile; fileRef = AA2F011829F3CFE6003FDDC7 /* libc++.tbd */; };
		AAF1DF9929F38B5B00B6D272 /* AppDelegate.swift in Sources */ = {isa = PBXBuildFile; fileRef = AAF1DF9829F38B5B00B6D272 /* AppDelegate.swift */; };
		AAF1DF9B29F38B5B00B6D272 /* SceneDelegate.swift in Sources */ = {isa = PBXBuildFile; fileRef = AAF1DF9A29F38B5B00B6D272 /* SceneDelegate.swift */; };
		AAF1DF9D29F38B5B00B6D272 /* ViewController.swift in Sources */ = {isa = PBXBuildFile; fileRef = AAF1DF9C29F38B5B00B6D272 /* ViewController.swift */; };
		AAF1DFA029F38B5B00B6D272 /* Main.storyboard in Resources */ = {isa = PBXBuildFile; fileRef = AAF1DF9E29F38B5B00B6D272 /* Main.storyboard */; };
		AAF1DFA229F38B5B00B6D272 /* Assets.xcassets in Resources */ = {isa = PBXBuildFile; fileRef = AAF1DFA129F38B5B00B6D272 /* Assets.xcassets */; };
		AAF1DFA529F38B5B00B6D272 /* LaunchScreen.storyboard in Resources */ = {isa = PBXBuildFile; fileRef = AAF1DFA329F38B5B00B6D272 /* LaunchScreen.storyboard */; };
/* End PBXBuildFile section */

/* Begin PBXFileReference section */
		47EB8AEAD64A5E33B5F3B351 /* Pods-Example.release.xcconfig */ = {isa = PBXFileReference; includeInIndex = 1; lastKnownFileType = text.xcconfig; name = "Pods-Example.release.xcconfig"; path = "Target Support Files/Pods-Example/Pods-Example.release.xcconfig"; sourceTree = "<group>"; };
		AA2F00E129F3B920003FDDC7 /* AMapFoundationKit.xcframework */ = {isa = PBXFileReference; lastKnownFileType = wrapper.xcframework; name = AMapFoundationKit.xcframework; path = "Pods/AMapFoundation-NO-IDFA-XC/output/AMapFoundation-NO-IDFA/AMapFoundationKit.xcframework"; sourceTree = "<group>"; };
		AA2F011029F3CFC5003FDDC7 /* libz.tbd */ = {isa = PBXFileReference; lastKnownFileType = "sourcecode.text-based-dylib-definition"; name = libz.tbd; path = usr/lib/libz.tbd; sourceTree = SDKROOT; };
		AA2F011229F3CFCA003FDDC7 /* SystemConfiguration.framework */ = {isa = PBXFileReference; lastKnownFileType = wrapper.framework; name = SystemConfiguration.framework; path = System/Library/Frameworks/SystemConfiguration.framework; sourceTree = SDKROOT; };
		AA2F011429F3CFCF003FDDC7 /* GLKit.framework */ = {isa = PBXFileReference; lastKnownFileType = wrapper.framework; name = GLKit.framework; path = System/Library/Frameworks/GLKit.framework; sourceTree = SDKROOT; };
		AA2F011629F3CFDA003FDDC7 /* CoreTelephony.framework */ = {isa = PBXFileReference; lastKnownFileType = wrapper.framework; name = CoreTelephony.framework; path = System/Library/Frameworks/CoreTelephony.framework; sourceTree = SDKROOT; };
		AA2F011829F3CFE6003FDDC7 /* libc++.tbd */ = {isa = PBXFileReference; lastKnownFileType = "sourcecode.text-based-dylib-definition"; name = "libc++.tbd"; path = "usr/lib/libc++.tbd"; sourceTree = SDKROOT; };
		AAF1DF9529F38B5B00B6D272 /* Example.app */ = {isa = PBXFileReference; explicitFileType = wrapper.application; includeInIndex = 0; path = Example.app; sourceTree = BUILT_PRODUCTS_DIR; };
		AAF1DF9829F38B5B00B6D272 /* AppDelegate.swift */ = {isa = PBXFileReference; lastKnownFileType = sourcecode.swift; path = AppDelegate.swift; sourceTree = "<group>"; };
		AAF1DF9A29F38B5B00B6D272 /* SceneDelegate.swift */ = {isa = PBXFileReference; lastKnownFileType = sourcecode.swift; path = SceneDelegate.swift; sourceTree = "<group>"; };
		AAF1DF9C29F38B5B00B6D272 /* ViewController.swift */ = {isa = PBXFileReference; lastKnownFileType = sourcecode.swift; path = ViewController.swift; sourceTree = "<group>"; };
		AAF1DF9F29F38B5B00B6D272 /* Base */ = {isa = PBXFileReference; lastKnownFileType = file.storyboard; name = Base; path = Base.lproj/Main.storyboard; sourceTree = "<group>"; };
		AAF1DFA129F38B5B00B6D272 /* Assets.xcassets */ = {isa = PBXFileReference; lastKnownFileType = folder.assetcatalog; path = Assets.xcassets; sourceTree = "<group>"; };
		AAF1DFA429F38B5B00B6D272 /* Base */ = {isa = PBXFileReference; lastKnownFileType = file.storyboard; name = Base; path = Base.lproj/LaunchScreen.storyboard; sourceTree = "<group>"; };
		AAF1DFA629F38B5B00B6D272 /* Info.plist */ = {isa = PBXFileReference; lastKnownFileType = text.plist.xml; path = Info.plist; sourceTree = "<group>"; };
		AEF6FEE4CD3FD8659F89323E /* Pods_Example.framework */ = {isa = PBXFileReference; explicitFileType = wrapper.framework; includeInIndex = 0; path = Pods_Example.framework; sourceTree = BUILT_PRODUCTS_DIR; };
		C011C9FCA07AC41306A44167 /* Pods-Example.debug.xcconfig */ = {isa = PBXFileReference; includeInIndex = 1; lastKnownFileType = text.xcconfig; name = "Pods-Example.debug.xcconfig"; path = "Target Support Files/Pods-Example/Pods-Example.debug.xcconfig"; sourceTree = "<group>"; };
/* End PBXFileReference section */

/* Begin PBXFrameworksBuildPhase section */
		AAF1DF9229F38B5B00B6D272 /* Frameworks */ = {
			isa = PBXFrameworksBuildPhase;
			buildActionMask = 2147483647;
			files = (
				AA2F011929F3CFE6003FDDC7 /* libc++.tbd in Frameworks */,
				AA2F011729F3CFDA003FDDC7 /* CoreTelephony.framework in Frameworks */,
				AA2F011529F3CFCF003FDDC7 /* GLKit.framework in Frameworks */,
				AA2F011329F3CFCA003FDDC7 /* SystemConfiguration.framework in Frameworks */,
				AA2F011129F3CFC5003FDDC7 /* libz.tbd in Frameworks */,
				A4A249AC79809904BB923F82 /* Pods_Example.framework in Frameworks */,
			);
			runOnlyForDeploymentPostprocessing = 0;
		};
/* End PBXFrameworksBuildPhase section */

/* Begin PBXGroup section */
		AAF1DF8C29F38B5B00B6D272 = {
			isa = PBXGroup;
			children = (
				AAF1DF9729F38B5B00B6D272 /* Example */,
				AAF1DF9629F38B5B00B6D272 /* Products */,
				D4D23F088216C454DEC97528 /* Pods */,
				D46A36D8CA15CFCCBEC219AF /* Frameworks */,
			);
			sourceTree = "<group>";
		};
		AAF1DF9629F38B5B00B6D272 /* Products */ = {
			isa = PBXGroup;
			children = (
				AAF1DF9529F38B5B00B6D272 /* Example.app */,
			);
			name = Products;
			sourceTree = "<group>";
		};
		AAF1DF9729F38B5B00B6D272 /* Example */ = {
			isa = PBXGroup;
			children = (
				AAF1DF9829F38B5B00B6D272 /* AppDelegate.swift */,
				AAF1DF9A29F38B5B00B6D272 /* SceneDelegate.swift */,
				AAF1DF9C29F38B5B00B6D272 /* ViewController.swift */,
				AAF1DF9E29F38B5B00B6D272 /* Main.storyboard */,
				AAF1DFA129F38B5B00B6D272 /* Assets.xcassets */,
				AAF1DFA329F38B5B00B6D272 /* LaunchScreen.storyboard */,
				AAF1DFA629F38B5B00B6D272 /* Info.plist */,
			);
			path = Example;
			sourceTree = "<group>";
		};
		D46A36D8CA15CFCCBEC219AF /* Frameworks */ = {
			isa = PBXGroup;
			children = (
				AA2F011829F3CFE6003FDDC7 /* libc++.tbd */,
				AA2F011629F3CFDA003FDDC7 /* CoreTelephony.framework */,
				AA2F011429F3CFCF003FDDC7 /* GLKit.framework */,
				AA2F011229F3CFCA003FDDC7 /* SystemConfiguration.framework */,
				AA2F011029F3CFC5003FDDC7 /* libz.tbd */,
				AA2F00E129F3B920003FDDC7 /* AMapFoundationKit.xcframework */,
				AEF6FEE4CD3FD8659F89323E /* Pods_Example.framework */,
			);
			name = Frameworks;
			sourceTree = "<group>";
		};
		D4D23F088216C454DEC97528 /* Pods */ = {
			isa = PBXGroup;
			children = (
				C011C9FCA07AC41306A44167 /* Pods-Example.debug.xcconfig */,
				47EB8AEAD64A5E33B5F3B351 /* Pods-Example.release.xcconfig */,
			);
			path = Pods;
			sourceTree = "<group>";
		};
/* End PBXGroup section */

/* Begin PBXNativeTarget section */
		AAF1DF9429F38B5B00B6D272 /* Example */ = {
			isa = PBXNativeTarget;
			buildConfigurationList = AAF1DFA929F38B5B00B6D272 /* Build configuration list for PBXNativeTarget "Example" */;
			buildPhases = (
				6EC18CCEC4E5983D155018A2 /* [CP] Check Pods Manifest.lock */,
				AAF1DF9129F38B5B00B6D272 /* Sources */,
				AAF1DF9229F38B5B00B6D272 /* Frameworks */,
				AAF1DF9329F38B5B00B6D272 /* Resources */,
			);
			buildRules = (
			);
			dependencies = (
			);
			name = Example;
			productName = Example;
			productReference = AAF1DF9529F38B5B00B6D272 /* Example.app */;
			productType = "com.apple.product-type.application";
		};
/* End PBXNativeTarget section */

/* Begin PBXProject section */
		AAF1DF8D29F38B5B00B6D272 /* Project object */ = {
			isa = PBXProject;
			attributes = {
				BuildIndependentTargetsInParallel = 1;
				LastSwiftUpdateCheck = 1430;
				LastUpgradeCheck = 1430;
				TargetAttributes = {
					AAF1DF9429F38B5B00B6D272 = {
						CreatedOnToolsVersion = 14.3;
					};
				};
			};
			buildConfigurationList = AAF1DF9029F38B5B00B6D272 /* Build configuration list for PBXProject "Example" */;
			compatibilityVersion = "Xcode 14.0";
			developmentRegion = en;
			hasScannedForEncodings = 0;
			knownRegions = (
				en,
				Base,
			);
			mainGroup = AAF1DF8C29F38B5B00B6D272;
			productRefGroup = AAF1DF9629F38B5B00B6D272 /* Products */;
			projectDirPath = "";
			projectRoot = "";
			targets = (
				AAF1DF9429F38B5B00B6D272 /* Example */,
			);
		};
/* End PBXProject section */

/* Begin PBXResourcesBuildPhase section */
		AAF1DF9329F38B5B00B6D272 /* Resources */ = {
			isa = PBXResourcesBuildPhase;
			buildActionMask = 2147483647;
			files = (
				AAF1DFA529F38B5B00B6D272 /* LaunchScreen.storyboard in Resources */,
				AAF1DFA229F38B5B00B6D272 /* Assets.xcassets in Resources */,
				AAF1DFA029F38B5B00B6D272 /* Main.storyboard in Resources */,
			);
			runOnlyForDeploymentPostprocessing = 0;
		};
/* End PBXResourcesBuildPhase section */

/* Begin PBXShellScriptBuildPhase section */
		6EC18CCEC4E5983D155018A2 /* [CP] Check Pods Manifest.lock */ = {
			isa = PBXShellScriptBuildPhase;
			buildActionMask = 2147483647;
			files = (
			);
			inputFileListPaths = (
			);
			inputPaths = (
				"${PODS_PODFILE_DIR_PATH}/Podfile.lock",
				"${PODS_ROOT}/Manifest.lock",
			);
			name = "[CP] Check Pods Manifest.lock";
			outputFileListPaths = (
			);
			outputPaths = (
				"$(DERIVED_FILE_DIR)/Pods-Example-checkManifestLockResult.txt",
			);
			runOnlyForDeploymentPostprocessing = 0;
			shellPath = /bin/sh;
			shellScript = "diff \"${PODS_PODFILE_DIR_PATH}/Podfile.lock\" \"${PODS_ROOT}/Manifest.lock\" > /dev/null\nif [ $? != 0 ] ; then\n    # print error to STDERR\n    echo \"error: The sandbox is not in sync with the Podfile.lock. Run 'pod install' or update your CocoaPods installation.\" >&2\n    exit 1\nfi\n# This output is used by Xcode 'outputs' to avoid re-running this script phase.\necho \"SUCCESS\" > \"${SCRIPT_OUTPUT_FILE_0}\"\n";
			showEnvVarsInLog = 0;
		};
/* End PBXShellScriptBuildPhase section */

/* Begin PBXSourcesBuildPhase section */
		AAF1DF9129F38B5B00B6D272 /* Sources */ = {
			isa = PBXSourcesBuildPhase;
			buildActionMask = 2147483647;
			files = (
				AAF1DF9D29F38B5B00B6D272 /* ViewController.swift in Sources */,
				AAF1DF9929F38B5B00B6D272 /* AppDelegate.swift in Sources */,
				AAF1DF9B29F38B5B00B6D272 /* SceneDelegate.swift in Sources */,
			);
			runOnlyForDeploymentPostprocessing = 0;
		};
/* End PBXSourcesBuildPhase section */

/* Begin PBXVariantGroup section */
		AAF1DF9E29F38B5B00B6D272 /* Main.storyboard */ = {
			isa = PBXVariantGroup;
			children = (
				AAF1DF9F29F38B5B00B6D272 /* Base */,
			);
			name = Main.storyboard;
			sourceTree = "<group>";
		};
		AAF1DFA329F38B5B00B6D272 /* LaunchScreen.storyboard */ = {
			isa = PBXVariantGroup;
			children = (
				AAF1DFA429F38B5B00B6D272 /* Base */,
			);
			name = LaunchScreen.storyboard;
			sourceTree = "<group>";
		};
/* End PBXVariantGroup section */

/* Begin XCBuildConfiguration section */
		AAF1DFA729F38B5B00B6D272 /* Debug */ = {
			isa = XCBuildConfiguration;
			buildSettings = {
				ALWAYS_SEARCH_USER_PATHS = NO;
				CLANG_ANALYZER_NONNULL = YES;
				CLANG_ANALYZER_NUMBER_OBJECT_CONVERSION = YES_AGGRESSIVE;
				CLANG_CXX_LANGUAGE_STANDARD = "gnu++20";
				CLANG_ENABLE_MODULES = YES;
				CLANG_ENABLE_OBJC_ARC = YES;
				CLANG_ENABLE_OBJC_WEAK = YES;
				CLANG_WARN_BLOCK_CAPTURE_AUTORELEASING = YES;
				CLANG_WARN_BOOL_CONVERSION = YES;
				CLANG_WARN_COMMA = YES;
				CLANG_WARN_CONSTANT_CONVERSION = YES;
				CLANG_WARN_DEPRECATED_OBJC_IMPLEMENTATIONS = YES;
				CLANG_WARN_DIRECT_OBJC_ISA_USAGE = YES_ERROR;
				CLANG_WARN_DOCUMENTATION_COMMENTS = YES;
				CLANG_WARN_EMPTY_BODY = YES;
				CLANG_WARN_ENUM_CONVERSION = YES;
				CLANG_WARN_INFINITE_RECURSION = YES;
				CLANG_WARN_INT_CONVERSION = YES;
				CLANG_WARN_NON_LITERAL_NULL_CONVERSION = YES;
				CLANG_WARN_OBJC_IMPLICIT_RETAIN_SELF = YES;
				CLANG_WARN_OBJC_LITERAL_CONVERSION = YES;
				CLANG_WARN_OBJC_ROOT_CLASS = YES_ERROR;
				CLANG_WARN_QUOTED_INCLUDE_IN_FRAMEWORK_HEADER = YES;
				CLANG_WARN_RANGE_LOOP_ANALYSIS = YES;
				CLANG_WARN_STRICT_PROTOTYPES = YES;
				CLANG_WARN_SUSPICIOUS_MOVE = YES;
				CLANG_WARN_UNGUARDED_AVAILABILITY = YES_AGGRESSIVE;
				CLANG_WARN_UNREACHABLE_CODE = YES;
				CLANG_WARN__DUPLICATE_METHOD_MATCH = YES;
				COPY_PHASE_STRIP = NO;
				DEBUG_INFORMATION_FORMAT = dwarf;
				ENABLE_STRICT_OBJC_MSGSEND = YES;
				ENABLE_TESTABILITY = YES;
				GCC_C_LANGUAGE_STANDARD = gnu11;
				GCC_DYNAMIC_NO_PIC = NO;
				GCC_NO_COMMON_BLOCKS = YES;
				GCC_OPTIMIZATION_LEVEL = 0;
				GCC_PREPROCESSOR_DEFINITIONS = (
					"DEBUG=1",
					"$(inherited)",
				);
				GCC_WARN_64_TO_32_BIT_CONVERSION = YES;
				GCC_WARN_ABOUT_RETURN_TYPE = YES_ERROR;
				GCC_WARN_UNDECLARED_SELECTOR = YES;
				GCC_WARN_UNINITIALIZED_AUTOS = YES_AGGRESSIVE;
				GCC_WARN_UNUSED_FUNCTION = YES;
				GCC_WARN_UNUSED_VARIABLE = YES;
				IPHONEOS_DEPLOYMENT_TARGET = 16.4;
				MTL_ENABLE_DEBUG_INFO = INCLUDE_SOURCE;
				MTL_FAST_MATH = YES;
				ONLY_ACTIVE_ARCH = YES;
				SDKROOT = iphoneos;
				SWIFT_ACTIVE_COMPILATION_CONDITIONS = DEBUG;
				SWIFT_OPTIMIZATION_LEVEL = "-Onone";
			};
			name = Debug;
		};
		AAF1DFA829F38B5B00B6D272 /* Release */ = {
			isa = XCBuildConfiguration;
			buildSettings = {
				ALWAYS_SEARCH_USER_PATHS = NO;
				CLANG_ANALYZER_NONNULL = YES;
				CLANG_ANALYZER_NUMBER_OBJECT_CONVERSION = YES_AGGRESSIVE;
				CLANG_CXX_LANGUAGE_STANDARD = "gnu++20";
				CLANG_ENABLE_MODULES = YES;
				CLANG_ENABLE_OBJC_ARC = YES;
				CLANG_ENABLE_OBJC_WEAK = YES;
				CLANG_WARN_BLOCK_CAPTURE_AUTORELEASING = YES;
				CLANG_WARN_BOOL_CONVERSION = YES;
				CLANG_WARN_COMMA = YES;
				CLANG_WARN_CONSTANT_CONVERSION = YES;
				CLANG_WARN_DEPRECATED_OBJC_IMPLEMENTATIONS = YES;
				CLANG_WARN_DIRECT_OBJC_ISA_USAGE = YES_ERROR;
				CLANG_WARN_DOCUMENTATION_COMMENTS = YES;
				CLANG_WARN_EMPTY_BODY = YES;
				CLANG_WARN_ENUM_CONVERSION = YES;
				CLANG_WARN_INFINITE_RECURSION = YES;
				CLANG_WARN_INT_CONVERSION = YES;
				CLANG_WARN_NON_LITERAL_NULL_CONVERSION = YES;
				CLANG_WARN_OBJC_IMPLICIT_RETAIN_SELF = YES;
				CLANG_WARN_OBJC_LITERAL_CONVERSION = YES;
				CLANG_WARN_OBJC_ROOT_CLASS = YES_ERROR;
				CLANG_WARN_QUOTED_INCLUDE_IN_FRAMEWORK_HEADER = YES;
				CLANG_WARN_RANGE_LOOP_ANALYSIS = YES;
				CLANG_WARN_STRICT_PROTOTYPES = YES;
				CLANG_WARN_SUSPICIOUS_MOVE = YES;
				CLANG_WARN_UNGUARDED_AVAILABILITY = YES_AGGRESSIVE;
				CLANG_WARN_UNREACHABLE_CODE = YES;
				CLANG_WARN__DUPLICATE_METHOD_MATCH = YES;
				COPY_PHASE_STRIP = NO;
				DEBUG_INFORMATION_FORMAT = "dwarf-with-dsym";
				ENABLE_NS_ASSERTIONS = NO;
				ENABLE_STRICT_OBJC_MSGSEND = YES;
				GCC_C_LANGUAGE_STANDARD = gnu11;
				GCC_NO_COMMON_BLOCKS = YES;
				GCC_WARN_64_TO_32_BIT_CONVERSION = YES;
				GCC_WARN_ABOUT_RETURN_TYPE = YES_ERROR;
				GCC_WARN_UNDECLARED_SELECTOR = YES;
				GCC_WARN_UNINITIALIZED_AUTOS = YES_AGGRESSIVE;
				GCC_WARN_UNUSED_FUNCTION = YES;
				GCC_WARN_UNUSED_VARIABLE = YES;
				IPHONEOS_DEPLOYMENT_TARGET = 16.4;
				MTL_ENABLE_DEBUG_INFO = NO;
				MTL_FAST_MATH = YES;
				SDKROOT = iphoneos;
				SWIFT_COMPILATION_MODE = wholemodule;
				SWIFT_OPTIMIZATION_LEVEL = "-O";
				VALIDATE_PRODUCT = YES;
			};
			name = Release;
		};
		AAF1DFAA29F38B5B00B6D272 /* Debug */ = {
			isa = XCBuildConfiguration;
			baseConfigurationReference = C011C9FCA07AC41306A44167 /* Pods-Example.debug.xcconfig */;
			buildSettings = {
				ASSETCATALOG_COMPILER_APPICON_NAME = AppIcon;
				ASSETCATALOG_COMPILER_GLOBAL_ACCENT_COLOR_NAME = AccentColor;
				CODE_SIGN_STYLE = Automatic;
				CURRENT_PROJECT_VERSION = 1;
				DEFINES_MODULE = NO;
				DEVELOPMENT_TEAM = 9R999J3B44;
				FRAMEWORK_SEARCH_PATHS = (
					"$(inherited)",
					"$(PROJECT_DIR)/Example/AMapFoundationKit.xcframework/ios-arm64_x86_64-simulator",
				);
				GENERATE_INFOPLIST_FILE = YES;
				INFOPLIST_FILE = Example/Info.plist;
				INFOPLIST_KEY_UIApplicationSupportsIndirectInputEvents = YES;
				INFOPLIST_KEY_UILaunchStoryboardName = LaunchScreen;
				INFOPLIST_KEY_UIMainStoryboardFile = Main;
				INFOPLIST_KEY_UISupportedInterfaceOrientations_iPad = "UIInterfaceOrientationPortrait UIInterfaceOrientationPortraitUpsideDown UIInterfaceOrientationLandscapeLeft UIInterfaceOrientationLandscapeRight";
				INFOPLIST_KEY_UISupportedInterfaceOrientations_iPhone = "UIInterfaceOrientationPortrait UIInterfaceOrientationLandscapeLeft UIInterfaceOrientationLandscapeRight";
				LD_RUNPATH_SEARCH_PATHS = (
					"$(inherited)",
					"@executable_path/Frameworks",
				);
				MARKETING_VERSION = 1.0;
				PRODUCT_BUNDLE_IDENTIFIER = "---.Example";
				PRODUCT_NAME = "$(TARGET_NAME)";
				SWIFT_EMIT_LOC_STRINGS = YES;
				SWIFT_VERSION = 5.0;
				TARGETED_DEVICE_FAMILY = "1,2";
			};
			name = Debug;
		};
		AAF1DFAB29F38B5B00B6D272 /* Release */ = {
			isa = XCBuildConfiguration;
			baseConfigurationReference = 47EB8AEAD64A5E33B5F3B351 /* Pods-Example.release.xcconfig */;
			buildSettings = {
				ASSETCATALOG_COMPILER_APPICON_NAME = AppIcon;
				ASSETCATALOG_COMPILER_GLOBAL_ACCENT_COLOR_NAME = AccentColor;
				CODE_SIGN_STYLE = Automatic;
				CURRENT_PROJECT_VERSION = 1;
				DEFINES_MODULE = NO;
				DEVELOPMENT_TEAM = 9R999J3B44;
				FRAMEWORK_SEARCH_PATHS = (
					"$(inherited)",
					"$(PROJECT_DIR)/Example/AMapFoundationKit.xcframework/ios-arm64_x86_64-simulator",
				);
				GENERATE_INFOPLIST_FILE = YES;
				INFOPLIST_FILE = Example/Info.plist;
				INFOPLIST_KEY_UIApplicationSupportsIndirectInputEvents = YES;
				INFOPLIST_KEY_UILaunchStoryboardName = LaunchScreen;
				INFOPLIST_KEY_UIMainStoryboardFile = Main;
				INFOPLIST_KEY_UISupportedInterfaceOrientations_iPad = "UIInterfaceOrientationPortrait UIInterfaceOrientationPortraitUpsideDown UIInterfaceOrientationLandscapeLeft UIInterfaceOrientationLandscapeRight";
				INFOPLIST_KEY_UISupportedInterfaceOrientations_iPhone = "UIInterfaceOrientationPortrait UIInterfaceOrientationLandscapeLeft UIInterfaceOrientationLandscapeRight";
				LD_RUNPATH_SEARCH_PATHS = (
					"$(inherited)",
					"@executable_path/Frameworks",
				);
				MARKETING_VERSION = 1.0;
				PRODUCT_BUNDLE_IDENTIFIER = "---.Example";
				PRODUCT_NAME = "$(TARGET_NAME)";
				SWIFT_EMIT_LOC_STRINGS = YES;
				SWIFT_VERSION = 5.0;
				TARGETED_DEVICE_FAMILY = "1,2";
			};
			name = Release;
		};
/* End XCBuildConfiguration section */

/* Begin XCConfigurationList section */
		AAF1DF9029F38B5B00B6D272 /* Build configuration list for PBXProject "Example" */ = {
			isa = XCConfigurationList;
			buildConfigurations = (
				AAF1DFA729F38B5B00B6D272 /* Debug */,
				AAF1DFA829F38B5B00B6D272 /* Release */,
			);
			defaultConfigurationIsVisible = 0;
			defaultConfigurationName = Release;
		};
		AAF1DFA929F38B5B00B6D272 /* Build configuration list for PBXNativeTarget "Example" */ = {
			isa = XCConfigurationList;
			buildConfigurations = (
				AAF1DFAA29F38B5B00B6D272 /* Debug */,
				AAF1DFAB29F38B5B00B6D272 /* Release */,
			);
			defaultConfigurationIsVisible = 0;
			defaultConfigurationName = Release;
		};
/* End XCConfigurationList section */
	};
	rootObject = AAF1DF8D29F38B5B00B6D272 /* Project object */;
}
